
Microsoft Visual Studio Solution File, Format Version 12.00
# Visual Studio 15
VisualStudioVersion = 15.0.27703.2042
MinimumVisualStudioVersion = 10.0.40219.1
Project("{9A19103F-16F7-4668-BE54-9A1E7A4F7556}") = "Mysoft.TaskScheduler", "Mysoft.TaskScheduler\Mysoft.TaskScheduler.csproj", "{0F828749-A18C-4F9B-BB5D-42DF2461AC63}"
EndProject
Project("{9A19103F-16F7-4668-BE54-9A1E7A4F7556}") = "Mysoft.TaskScheduler.AspNetCore", "Mysoft.TaskScheduler.AspNetCore\Mysoft.TaskScheduler.AspNetCore.csproj", "{F762D226-E4D8-4BC9-A6F4-779795BCA2D9}"
EndProject
Project("{FAE04EC0-301F-11D3-BF4B-00C04F79EFBC}") = "ConsoleApplication", "Samples\ConsoleApplication\ConsoleApplication.csproj", "{CB62581B-2220-4D83-B210-1491E07DF451}"
EndProject
Global
	GlobalSection(SolutionConfigurationPlatforms) = preSolution
		Debug|Any CPU = Debug|Any CPU
		Release|Any CPU = Release|Any CPU
	EndGlobalSection
	GlobalSection(ProjectConfigurationPlatforms) = postSolution
		{0F828749-A18C-4F9B-BB5D-42DF2461AC63}.Debug|Any CPU.ActiveCfg = Debug|Any CPU
		{0F828749-A18C-4F9B-BB5D-42DF2461AC63}.Debug|Any CPU.Build.0 = Debug|Any CPU
		{0F828749-A18C-4F9B-BB5D-42DF2461AC63}.Release|Any CPU.ActiveCfg = Release|Any CPU
		{0F828749-A18C-4F9B-BB5D-42DF2461AC63}.Release|Any CPU.Build.0 = Release|Any CPU
		{F762D226-E4D8-4BC9-A6F4-779795BCA2D9}.Debug|Any CPU.ActiveCfg = Debug|Any CPU
		{F762D226-E4D8-4BC9-A6F4-779795BCA2D9}.Debug|Any CPU.Build.0 = Debug|Any CPU
		{F762D226-E4D8-4BC9-A6F4-779795BCA2D9}.Release|Any CPU.ActiveCfg = Release|Any CPU
		{F762D226-E4D8-4BC9-A6F4-779795BCA2D9}.Release|Any CPU.Build.0 = Release|Any CPU
		{CB62581B-2220-4D83-B210-1491E07DF451}.Debug|Any CPU.ActiveCfg = Debug|Any CPU
		{CB62581B-2220-4D83-B210-1491E07DF451}.Debug|Any CPU.Build.0 = Debug|Any CPU
		{CB62581B-2220-4D83-B210-1491E07DF451}.Release|Any CPU.ActiveCfg = Release|Any CPU
		{CB62581B-2220-4D83-B210-1491E07DF451}.Release|Any CPU.Build.0 = Release|Any CPU
	EndGlobalSection
	GlobalSection(SolutionProperties) = preSolution
		HideSolutionNode = FALSE
	EndGlobalSection
	GlobalSection(ExtensibilityGlobals) = postSolution
		SolutionGuid = {C01B3E2D-ABF5-4BF9-B753-B33EF715D563}
	EndGlobalSection
EndGlobal
